
Microsoft Visual Studio Solution File, Format Version 12.00
# Visual Studio Version 17
VisualStudioVersion = 17.14.36603.0 d17.14
MinimumVisualStudioVersion = 10.0.40219.1
Project("{FAE04EC0-301F-11D3-BF4B-00C04F79EFBC}") = "Timer", "Timer\Timer.csproj", "{BF769597-FC14-481C-9AFC-C36F4AD63CA0}"
EndProject
Global
	GlobalSection(SolutionConfigurationPlatforms) = preSolution
		Debug|Any CPU = Debug|Any CPU
		Release|Any CPU = Release|Any CPU
	EndGlobalSection
	GlobalSection(ProjectConfigurationPlatforms) = postSolution
		{BF769597-FC14-481C-9AFC-C36F4AD63CA0}.Debug|Any CPU.ActiveCfg = Debug|Any CPU
		{BF769597-FC14-481C-9AFC-C36F4AD63CA0}.Debug|Any CPU.Build.0 = Debug|Any CPU
		{BF769597-FC14-481C-9AFC-C36F4AD63CA0}.Release|Any CPU.ActiveCfg = Release|Any CPU
		{BF769597-FC14-481C-9AFC-C36F4AD63CA0}.Release|Any CPU.Build.0 = Release|Any CPU
	EndGlobalSection
	GlobalSection(SolutionProperties) = preSolution
		HideSolutionNode = FALSE
	EndGlobalSection
	GlobalSection(ExtensibilityGlobals) = postSolution
		SolutionGuid = {D672775A-6C03-428A-BD7D-972F2E4EDBE5}
	EndGlobalSection
EndGlobal
